github.com/bots-go-framework/bots-fw v0.9.10 h1:OKXf7bSc47rsa0l9Izb+qgvsajXbOmgSzoY6CyTaWIE=
github.com/bots-go-framework/bots-fw v0.9.10/go.mod h1:2XxS/he3tJ56rSy1ckMYOKRQ7rLV0orh5CoYGTD0Rw4=
github.com/bots-go-framework/bots-fw v0.16.9 h1:xAfo9OfXdFzk1XuiwM2/r+fZbR3O1jCb10H8XlNS/y0=
github.com/bots-go-framework/bots-fw v0.16.9/go.mod h1:ENb9dNwg/peyr39zojQbnpCyr8p5ynKAt8jAycHK240=
github.com/bots-go-framework/bots-fw v0.16.12 h1:0DKVIe6VQk77GhEI/NSqrXYN7ogBAt4j+itfIhXgKlk=
github.com/bots-go-framework/bots-fw v0.16.12/go.mod h1:2oNckzJLUZ2vwllw1qh85RLvxBg/5xWUMK8EHWeLeEc=
github.com/bots-go-framework/bots-fw v0.17.1 h1:81I6Od2GhiZorh77yYGyaTZitXMcYlU/ef4Wvk51SqQ=
github.com/bots-go-framework/bots-fw v0.17.1/go.mod h1:exVfNsNj6RaKFt0gNWdxqMk3CNddzevinksldCe6kmw=
github.com/bots-go-framework/bots-fw v0.17.2 h1:/qSAl3+SPxnRAQbycEN5nvdAsC01tqgLRYaVjxHgdag=
github.com/bots-go-framework/bots-fw v0.17.2/go.mod h1:UXHnomSLrzphczDC/MA/tuX6v+QReBCVCbp8bT8eA/k=
github.com/bots-go-framework/bots-fw-store v0.0.7 h1:Prq99VAJWtVkgLkwXtvMQIg0dsi3XQWoFmWRqBj4j5k=
github.com/bots-go-framework/bots-fw-store v0.0.7/go.mod h1:XkLKnHugQ98Wr5VIlw2YuRYJNMcqqYDDw/j47plxmBY=
github.com/bots-go-framework/bots-go-core v0.0.1 h1:Br7j+Ir3R6U8x1mnFZFq1G1K0bupJhLvdF8TIqI/7i8=
github.com/bots-go-framework/bots-go-core v0.0.1/go.mod h1:txRZn1MlcJEiCUra3bQtpkt9IM2EFGaeUvqS1VLyl30=
github.com/dal-go/dalgo v0.2.3 h1:n5B7kPf6YZn0gu1SP79USFMDB0BmuxhWLgI690lO7Ks=
github.com/dal-go/dalgo v0.2.3/go.mod h1:Fv3s/hxtByMVY7PSOi6SJ/5B981kNCuKGBa5O0xHCnM=
github.com/dal-go/dalgo v0.2.29 h1:nxwhjDkVFQ1QX4JjREOSG0omelj9+LUo1g9VomTNZpU=
github.com/dal-go/dalgo v0.2.29/go.mod h1:REh0bOj3Nf7esWrhEtXivfaZX5OhVyRofF0crxGlsdc=
github.com/google/uuid v1.3.0 h1:t6JiXgmwXMjEs8VusXIJk2BXHsn+wx8BZdTaoZ5fu7I=
github.com/google/uuid v1.3.0/go.mod h1:TIyPZe4MgqvfeYDBFedMoGGpEw/LqOeaOT+nhxU+yHo=
github.com/julienschmidt/httprouter v1.3.0 h1:U0609e9tgbseu3rBINet9P48AI/D3oJs4dN7jwJOQ1U=
github.com/julienschmidt/httprouter v1.3.0/go.mod h1:JR6WtHb+2LUe8TCKY3cZOxFyyO8IZAc4RVcycCCAKdM=
github.com/pquerna/ffjson v0.0.0-20190930134022-aa0246cd15f7 h1:xoIK0ctDddBMnc74udxJYBqlo9Ylnsp1waqjLsnef20=
github.com/pquerna/ffjson v0.0.0-20190930134022-aa0246cd15f7/go.mod h1:YARuvh7BUWHNhzDq2OM5tzR2RiCcN2D7sapiKyCel/M=
github.com/strongo/app v0.0.2 h1:BBM+U9v4pfIeLmHiC3hAeJewjbBOqBqiOmbT9K3dQas=
github.com/strongo/app v0.0.2/go.mod h1:CVpVW5I9Hat8LNcN42Bvlzv8+mZRsNQ2ZQHLH1mz8Qw=
github.com/strongo/app v0.4.1 h1:3Yggb9+byljzAzWspeoQNVIcsP/ufydC1BfDIMOogLg=
github.com/strongo/app v0.4.1/go.mod h1:r1GYjymMLncZ+hcIx/Yar41KmBobnjE/YOi3ngm6l08=
github.com/strongo/app v0.5.5 h1:0pzFwkgGHHHCYu6DRr2PMFAfgSgGLnfVbgP1JkzXlHg=
github.com/strongo/app v0.5.5/go.mod h1:r1GYjymMLncZ+hcIx/Yar41KmBobnjE/YOi3ngm6l08=
github.com/strongo/app v0.5.7 h1:Qm4YNBmCti0ewDeSqp/8hhXrD7UOHLsk5Lp0yjgOQGI=
github.com/strongo/app v0.5.7/go.mod h1:3sv0TgKPA03wHoJX5d4zn7gqwxaxGAKthvyvVZd+Q0Y=
github.com/strongo/emoji v0.0.1 h1:0Zev257CEmTVSyMiAovjqtgP+JKclp2e1c2V/jfVqwc=
github.com/strongo/emoji v0.0.1/go.mod h1:aawHc+8HqsTyoNQj2DknYL/jVp2WQ1GCJgPrJz6MD8w=
github.com/strongo/gamp v0.0.1 h1:b6vzHUzNvbPOhzPtIja1NqKf8GQqrJWjs2gninQPZac=
github.com/strongo/gamp v0.0.1/go.mod h1:ZcVVIzSQFygVehdtGh6KYmcp1eOacuEKb9th81WcUOw=
github.com/strongo/i18n v0.0.4 h1:48DQrrlqTlZBi7uFbyruOVsSfr+X24RmO59FaOXLWGQ=
github.com/strongo/i18n v0.0.4/go.mod h1:4jBQ4PJ3Uiri2Y+LHJ5/o1nB1H2ToddRW/yZXSOTUjE=
github.com/strongo/log v0.0.1 h1:fdncna1E2M0kA6cCQI6knts+GFLsf1V7gmusch2KvFc=
github.com/strongo/log v0.0.1/go.mod h1:C0OyprbH7WjyhcZXdveDiu5n0vxB8qZ1rQXxtUqx8y4=
github.com/strongo/log v0.3.0 h1:89rh62SdO9TNTd8/pzhMSdGCmZwFDXHWm5ZtJvp0Wcg=
github.com/strongo/log v0.3.0/go.mod h1:C0OyprbH7WjyhcZXdveDiu5n0vxB8qZ1rQXxtUqx8y4=
github.com/strongo/random v0.0.1 h1:OZHJBb/3uEa7OX8L2Dv2pLnSeewRmXMyTACoeto6O8I=
github.com/strongo/random v0.0.1/go.mod h1:/pSI+SjBNLBkjljNtVdYr6ERddA+LqSa87o0/s+9iuU=
github.com/strongo/slice v0.1.0 h1:jfYWEKJUZTuzDm271LD+NecACoLqJgZEwtNXQX5qOdQ=
github.com/strongo/slice v0.1.0/go.mod h1:BU7lwUgp3k4EXTc0zLW2SsPiWeGkDoF3ybu6nlVjFLY=
github.com/strongo/slice v0.1.4 h1:2v8NLcC5MnJ+xNGN6zMaazM9I/lIdbQ8imhiBNSPn7g=
github.com/strongo/slice v0.1.4/go.mod h1:BU7lwUgp3k4EXTc0zLW2SsPiWeGkDoF3ybu6nlVjFLY=
github.com/strongo/validation v0.0.5 h1:O+eJM06v+rR+ZUua7kBi1JCK4a7JXMlkS7pmXkhxFJc=
github.com/strongo/validation v0.0.5/go.mod h1:euQ9ywYwBASSnCLSYOx8JW0u4/71yfbeZhBQJv93dZg=
